
Microsoft Visual Studio Solution File, Format Version 12.00
# Visual Studio Version 17
VisualStudioVersion = 17.14.37027.9 d17.14
MinimumVisualStudioVersion = 10.0.40219.1
Project("{FAE04EC0-301F-11D3-BF4B-00C04F79EFBC}") = "PatternsP41", "PatternsP41\PatternsP41.csproj", "{714795F4-3527-4743-AC87-E6278D03CC84}"
EndProject
Global
	GlobalSection(SolutionConfigurationPlatforms) = preSolution
		Debug|Any CPU = Debug|Any CPU
		Release|Any CPU = Release|Any CPU
	EndGlobalSection
	GlobalSection(ProjectConfigurationPlatforms) = postSolution
		{714795F4-3527-4743-AC87-E6278D03CC84}.Debug|Any CPU.ActiveCfg = Debug|Any CPU
		{714795F4-3527-4743-AC87-E6278D03CC84}.Debug|Any CPU.Build.0 = Debug|Any CPU
		{714795F4-3527-4743-AC87-E6278D03CC84}.Release|Any CPU.ActiveCfg = Release|Any CPU
		{714795F4-3527-4743-AC87-E6278D03CC84}.Release|Any CPU.Build.0 = Release|Any CPU
	EndGlobalSection
	GlobalSection(SolutionProperties) = preSolution
		HideSolutionNode = FALSE
	EndGlobalSection
	GlobalSection(ExtensibilityGlobals) = postSolution
		SolutionGuid = {828FF547-12EC-4516-978F-7F9898C7BCF4}
	EndGlobalSection
EndGlobal
